
Microsoft Visual Studio Solution File, Format Version 12.00
# Visual Studio Version 16
VisualStudioVersion = 16.0.32901.82
MinimumVisualStudioVersion = 10.0.40219.1
Project("{8BC9CEB8-8B4A-11D0-8D11-00A0C91BC942}") = "LiveImpliedQuote", "LiveImpliedQuote\LiveImpliedQuote.vcxproj", "{4BDB01F3-A211-4709-B69C-48672BA37126}"
EndProject
Global
	GlobalSection(SolutionConfigurationPlatforms) = preSolution
		Debug|x64 = Debug|x64
		Debug|x86 = Debug|x86
		Release|x64 = Release|x64
		Release|x86 = Release|x86
	EndGlobalSection
	GlobalSection(ProjectConfigurationPlatforms) = postSolution
		{4BDB01F3-A211-4709-B69C-48672BA37126}.Debug|x64.ActiveCfg = Debug|x64
		{4BDB01F3-A211-4709-B69C-48672BA37126}.Debug|x64.Build.0 = Debug|x64
		{4BDB01F3-A211-4709-B69C-48672BA37126}.Debug|x86.ActiveCfg = Debug|Win32
		{4BDB01F3-A211-4709-B69C-48672BA37126}.Debug|x86.Build.0 = Debug|Win32
		{4BDB01F3-A211-4709-B69C-48672BA37126}.Release|x64.ActiveCfg = Release|x64
		{4BDB01F3-A211-4709-B69C-48672BA37126}.Release|x64.Build.0 = Release|x64
		{4BDB01F3-A211-4709-B69C-48672BA37126}.Release|x86.ActiveCfg = Release|Win32
		{4BDB01F3-A211-4709-B69C-48672BA37126}.Release|x86.Build.0 = Release|Win32
	EndGlobalSection
	GlobalSection(SolutionProperties) = preSolution
		HideSolutionNode = FALSE
	EndGlobalSection
	GlobalSection(ExtensibilityGlobals) = postSolution
		SolutionGuid = {E95D369C-6D56-4CC1-9045-4AD45F566BCD}
	EndGlobalSection
EndGlobal
