
Microsoft Visual Studio Solution File, Format Version 12.00
# Visual Studio Version 17
VisualStudioVersion = 17.7.34024.191
MinimumVisualStudioVersion = 10.0.40219.1
Project("{9A19103F-16F7-4668-BE54-9A1E7A4F7556}") = "ServerExample", "ServerExample\ServerExample.csproj", "{5F79B2DD-37DF-421B-A57A-FAC5D30D1542}"
EndProject
Project("{9A19103F-16F7-4668-BE54-9A1E7A4F7556}") = "Benchmark", "Benchmark\Benchmark.csproj", "{463E82A2-FD4B-44F8-9625-B3A65AE41A48}"
EndProject
Project("{9A19103F-16F7-4668-BE54-9A1E7A4F7556}") = "CmePrintDefChecker", "CmePrintDefChecker\CmePrintDefChecker.csproj", "{647BAAB4-25B8-400D-853B-018871A7D688}"
EndProject
Project("{9A19103F-16F7-4668-BE54-9A1E7A4F7556}") = "SpiderRock.SpiderStream", "SpiderRock.SpiderStream\SpiderRock.SpiderStream.csproj", "{A96908AA-7692-4536-B277-5DEA14B7CB7C}"
EndProject
Project("{2150E333-8FDC-42A3-9474-1A3956D46DE8}") = "Solution Items", "Solution Items", "{DF65FC7C-983B-4A2F-B838-7F576AE53301}"
EndProject
Project("{9A19103F-16F7-4668-BE54-9A1E7A4F7556}") = "CacheProbe", "CacheProbe\CacheProbe.csproj", "{DFC095BA-32C9-4B97-B553-711719895892}"
EndProject
Project("{9A19103F-16F7-4668-BE54-9A1E7A4F7556}") = "TimeBoxAnalysis", "TimeBoxAnalysis\TimeBoxAnalysis.csproj", "{12625DF6-E029-4AFD-B68B-A18A51689F8C}"
EndProject
Global
	GlobalSection(SolutionConfigurationPlatforms) = preSolution
		Debug|Any CPU = Debug|Any CPU
		Release|Any CPU = Release|Any CPU
	EndGlobalSection
	GlobalSection(ProjectConfigurationPlatforms) = postSolution
		{5F79B2DD-37DF-421B-A57A-FAC5D30D1542}.Debug|Any CPU.ActiveCfg = Debug|Any CPU
		{5F79B2DD-37DF-421B-A57A-FAC5D30D1542}.Debug|Any CPU.Build.0 = Debug|Any CPU
		{5F79B2DD-37DF-421B-A57A-FAC5D30D1542}.Release|Any CPU.ActiveCfg = Release|Any CPU
		{5F79B2DD-37DF-421B-A57A-FAC5D30D1542}.Release|Any CPU.Build.0 = Release|Any CPU
		{463E82A2-FD4B-44F8-9625-B3A65AE41A48}.Debug|Any CPU.ActiveCfg = Debug|Any CPU
		{463E82A2-FD4B-44F8-9625-B3A65AE41A48}.Debug|Any CPU.Build.0 = Debug|Any CPU
		{463E82A2-FD4B-44F8-9625-B3A65AE41A48}.Release|Any CPU.ActiveCfg = Release|Any CPU
		{463E82A2-FD4B-44F8-9625-B3A65AE41A48}.Release|Any CPU.Build.0 = Release|Any CPU
		{647BAAB4-25B8-400D-853B-018871A7D688}.Debug|Any CPU.ActiveCfg = Debug|Any CPU
		{647BAAB4-25B8-400D-853B-018871A7D688}.Debug|Any CPU.Build.0 = Debug|Any CPU
		{647BAAB4-25B8-400D-853B-018871A7D688}.Release|Any CPU.ActiveCfg = Release|Any CPU
		{647BAAB4-25B8-400D-853B-018871A7D688}.Release|Any CPU.Build.0 = Release|Any CPU
		{A96908AA-7692-4536-B277-5DEA14B7CB7C}.Debug|Any CPU.ActiveCfg = Debug|Any CPU
		{A96908AA-7692-4536-B277-5DEA14B7CB7C}.Debug|Any CPU.Build.0 = Debug|Any CPU
		{A96908AA-7692-4536-B277-5DEA14B7CB7C}.Release|Any CPU.ActiveCfg = Release|Any CPU
		{A96908AA-7692-4536-B277-5DEA14B7CB7C}.Release|Any CPU.Build.0 = Release|Any CPU
		{DFC095BA-32C9-4B97-B553-711719895892}.Debug|Any CPU.ActiveCfg = Debug|Any CPU
		{DFC095BA-32C9-4B97-B553-711719895892}.Debug|Any CPU.Build.0 = Debug|Any CPU
		{DFC095BA-32C9-4B97-B553-711719895892}.Release|Any CPU.ActiveCfg = Release|Any CPU
		{DFC095BA-32C9-4B97-B553-711719895892}.Release|Any CPU.Build.0 = Release|Any CPU
		{12625DF6-E029-4AFD-B68B-A18A51689F8C}.Debug|Any CPU.ActiveCfg = Debug|Any CPU
		{12625DF6-E029-4AFD-B68B-A18A51689F8C}.Debug|Any CPU.Build.0 = Debug|Any CPU
		{12625DF6-E029-4AFD-B68B-A18A51689F8C}.Release|Any CPU.ActiveCfg = Release|Any CPU
		{12625DF6-E029-4AFD-B68B-A18A51689F8C}.Release|Any CPU.Build.0 = Release|Any CPU
	EndGlobalSection
	GlobalSection(SolutionProperties) = preSolution
		HideSolutionNode = FALSE
	EndGlobalSection
	GlobalSection(ExtensibilityGlobals) = postSolution
		SolutionGuid = {CB23C875-78B9-4184-8D8F-2E4A7C2E7903}
	EndGlobalSection
EndGlobal
